<?xml version="1.0" encoding="UTF-8"?>
<Solution>
	<Configurations>
		<BuildType Name="Debug"/>
		<BuildType Name="Release"/>
		<BuildType Name="MinSizeRel"/>
		<BuildType Name="RelWithDebInfo"/>
		<Platform Name="x64"/>
	</Configurations>
	<Project Path="ALL_BUILD.vcxproj" Type="8bc9ceb8-8b4a-11d0-8d11-00a0c91bc942" Id="e60823ea-558f-399b-b3b5-bdf656cf159b" DefaultStartup="true">
		<BuildDependency Project="ZERO_CHECK.vcxproj"/>
		<BuildDependency Project="pico-sdk/src/rp2040/boot_stage2/bs2_default.vcxproj"/>
		<BuildDependency Project="pico-sdk/src/rp2040/boot_stage2/bs2_default_library.vcxproj"/>
		<BuildDependency Project="flash_nuke.vcxproj"/>
		<Build Solution="Debug|*" Project="false"/>
		<Build Solution="Release|*" Project="false"/>
		<Build Solution="MinSizeRel|*" Project="false"/>
		<Build Solution="RelWithDebInfo|*" Project="false"/>
	</Project>
	<Project Path="ZERO_CHECK.vcxproj" Type="8bc9ceb8-8b4a-11d0-8d11-00a0c91bc942" Id="69efd3c0-c1f5-3291-ac1e-da7d2867ec74"/>
	<Project Path="pico-sdk/src/rp2040/boot_stage2/bs2_default.vcxproj" Type="8bc9ceb8-8b4a-11d0-8d11-00a0c91bc942" Id="d9d043f0-87d3-3840-ae48-1ed5fab049d9">
		<BuildDependency Project="ZERO_CHECK.vcxproj"/>
	</Project>
	<Project Path="pico-sdk/src/rp2040/boot_stage2/bs2_default_bin.vcxproj" Type="8bc9ceb8-8b4a-11d0-8d11-00a0c91bc942" Id="2451d984-4296-3da3-9409-19a7ecf4fa5b">
		<BuildDependency Project="ZERO_CHECK.vcxproj"/>
		<BuildDependency Project="pico-sdk/src/rp2040/boot_stage2/bs2_default.vcxproj"/>
		<Build Solution="Debug|*" Project="false"/>
		<Build Solution="Release|*" Project="false"/>
		<Build Solution="MinSizeRel|*" Project="false"/>
		<Build Solution="RelWithDebInfo|*" Project="false"/>
	</Project>
	<Project Path="pico-sdk/src/rp2040/boot_stage2/bs2_default_library.vcxproj" Type="8bc9ceb8-8b4a-11d0-8d11-00a0c91bc942" Id="aab7482b-35d7-354e-8d5e-60bffedeb66f">
		<BuildDependency Project="ZERO_CHECK.vcxproj"/>
		<BuildDependency Project="pico-sdk/src/rp2040/boot_stage2/bs2_default.vcxproj"/>
	</Project>
	<Project Path="pico-sdk/src/rp2_common/pico_cyw43_driver/cyw43_driver_picow_cyw43_bus_pio_spi_pio_h.vcxproj" Type="8bc9ceb8-8b4a-11d0-8d11-00a0c91bc942" Id="3c977409-54bf-3684-8759-9604d9265384">
		<BuildDependency Project="ZERO_CHECK.vcxproj"/>
		<BuildDependency Project="pico-sdk/src/rp2_common/pico_cyw43_driver/pioasmBuild.vcxproj"/>
		<Build Solution="Debug|*" Project="false"/>
		<Build Solution="Release|*" Project="false"/>
		<Build Solution="MinSizeRel|*" Project="false"/>
		<Build Solution="RelWithDebInfo|*" Project="false"/>
	</Project>
	<Project Path="flash_nuke.vcxproj" Type="8bc9ceb8-8b4a-11d0-8d11-00a0c91bc942" Id="215f7790-8630-398d-bfcb-4ca6c5cf404a">
		<BuildDependency Project="ZERO_CHECK.vcxproj"/>
	</Project>
	<Project Path="pico-sdk/src/rp2_common/pico_status_led/pico_status_led_ws2812_pio_h.vcxproj" Type="8bc9ceb8-8b4a-11d0-8d11-00a0c91bc942" Id="592fb7d7-718b-3578-83d8-732ddb20dd1b">
		<BuildDependency Project="ZERO_CHECK.vcxproj"/>
		<BuildDependency Project="pico-sdk/src/rp2_common/pico_cyw43_driver/pioasmBuild.vcxproj"/>
		<Build Solution="Debug|*" Project="false"/>
		<Build Solution="Release|*" Project="false"/>
		<Build Solution="MinSizeRel|*" Project="false"/>
		<Build Solution="RelWithDebInfo|*" Project="false"/>
	</Project>
	<Project Path="pico-sdk/src/rp2_common/pico_cyw43_driver/pioasmBuild.vcxproj" Type="8bc9ceb8-8b4a-11d0-8d11-00a0c91bc942" Id="95305c79-8d1b-3607-bd8d-3376195e4f53">
		<BuildDependency Project="ZERO_CHECK.vcxproj"/>
	</Project>
</Solution>
